
Microsoft Visual Studio Solution File, Format Version 12.00
# Visual Studio 15
Project("{FAE04EC0-301F-11D3-BF4B-00C04F79EFBC}") = "Assembly-CSharp", "Assembly-CSharp.csproj", "{197C56F9-A650-F59C-AD95-A8807D318266}"
EndProject
Project("{FAE04EC0-301F-11D3-BF4B-00C04F79EFBC}") = "Assembly-CSharp-Editor", "Assembly-CSharp-Editor.csproj", "{456BC411-C5E6-515E-1C01-A09723F8D403}"
EndProject
Global
	GlobalSection(SolutionConfigurationPlatforms) = preSolution
		Debug|Any CPU = Debug|Any CPU
		Release|Any CPU = Release|Any CPU
	EndGlobalSection
	GlobalSection(ProjectConfigurationPlatforms) = postSolution
		{197C56F9-A650-F59C-AD95-A8807D318266}.Debug|Any CPU.ActiveCfg = Debug|Any CPU
		{197C56F9-A650-F59C-AD95-A8807D318266}.Debug|Any CPU.Build.0 = Debug|Any CPU
		{197C56F9-A650-F59C-AD95-A8807D318266}.Release|Any CPU.ActiveCfg = Release|Any CPU
		{197C56F9-A650-F59C-AD95-A8807D318266}.Release|Any CPU.Build.0 = Release|Any CPU
		{456BC411-C5E6-515E-1C01-A09723F8D403}.Debug|Any CPU.ActiveCfg = Debug|Any CPU
		{456BC411-C5E6-515E-1C01-A09723F8D403}.Debug|Any CPU.Build.0 = Debug|Any CPU
		{456BC411-C5E6-515E-1C01-A09723F8D403}.Release|Any CPU.ActiveCfg = Release|Any CPU
		{456BC411-C5E6-515E-1C01-A09723F8D403}.Release|Any CPU.Build.0 = Release|Any CPU
	EndGlobalSection
	GlobalSection(SolutionProperties) = preSolution
		HideSolutionNode = FALSE
	EndGlobalSection
EndGlobal
